
Microsoft Visual Studio Solution File, Format Version 12.00
# Visual Studio Version 16
VisualStudioVersion = 16.0.30320.27
MinimumVisualStudioVersion = 10.0.40219.1
Project("{FAE04EC0-301F-11D3-BF4B-00C04F79EFBC}") = "test", "test\test.csproj", "{20B4B4D0-D9E3-4B2A-9AC1-71E759482B8E}"
EndProject
Global
	GlobalSection(SolutionConfigurationPlatforms) = preSolution
		Debug|Any CPU = Debug|Any CPU
		Release|Any CPU = Release|Any CPU
	EndGlobalSection
	GlobalSection(ProjectConfigurationPlatforms) = postSolution
		{20B4B4D0-D9E3-4B2A-9AC1-71E759482B8E}.Debug|Any CPU.ActiveCfg = Debug|Any CPU
		{20B4B4D0-D9E3-4B2A-9AC1-71E759482B8E}.Debug|Any CPU.Build.0 = Debug|Any CPU
		{20B4B4D0-D9E3-4B2A-9AC1-71E759482B8E}.Release|Any CPU.ActiveCfg = Release|Any CPU
		{20B4B4D0-D9E3-4B2A-9AC1-71E759482B8E}.Release|Any CPU.Build.0 = Release|Any CPU
	EndGlobalSection
	GlobalSection(SolutionProperties) = preSolution
		HideSolutionNode = FALSE
	EndGlobalSection
	GlobalSection(ExtensibilityGlobals) = postSolution
		SolutionGuid = {A69394BD-A39C-4EE6-8237-932E0F31D4D4}
	EndGlobalSection
EndGlobal
